
Microsoft Visual Studio Solution File, Format Version 12.00
# Visual Studio 15
Project("{FAE04EC0-301F-11D3-BF4B-00C04F79EFBC}") = "JackScripts", "JackScripts.csproj", "{BE5E2568-4756-04D9-9026-CAAF29FDBF7F}"
EndProject
Project("{FAE04EC0-301F-11D3-BF4B-00C04F79EFBC}") = "Tests", "Tests.csproj", "{0C831037-A3E8-BC19-9672-7B7CC52081A0}"
EndProject
Global
	GlobalSection(SolutionConfigurationPlatforms) = preSolution
		Debug|Any CPU = Debug|Any CPU
		Release|Any CPU = Release|Any CPU
	EndGlobalSection
	GlobalSection(ProjectConfigurationPlatforms) = postSolution
		{BE5E2568-4756-04D9-9026-CAAF29FDBF7F}.Debug|Any CPU.ActiveCfg = Debug|Any CPU
		{BE5E2568-4756-04D9-9026-CAAF29FDBF7F}.Debug|Any CPU.Build.0 = Debug|Any CPU
		{BE5E2568-4756-04D9-9026-CAAF29FDBF7F}.Release|Any CPU.ActiveCfg = Release|Any CPU
		{BE5E2568-4756-04D9-9026-CAAF29FDBF7F}.Release|Any CPU.Build.0 = Release|Any CPU
		{0C831037-A3E8-BC19-9672-7B7CC52081A0}.Debug|Any CPU.ActiveCfg = Debug|Any CPU
		{0C831037-A3E8-BC19-9672-7B7CC52081A0}.Debug|Any CPU.Build.0 = Debug|Any CPU
		{0C831037-A3E8-BC19-9672-7B7CC52081A0}.Release|Any CPU.ActiveCfg = Release|Any CPU
		{0C831037-A3E8-BC19-9672-7B7CC52081A0}.Release|Any CPU.Build.0 = Release|Any CPU
	EndGlobalSection
	GlobalSection(SolutionProperties) = preSolution
		HideSolutionNode = FALSE
	EndGlobalSection
EndGlobal
